
Microsoft Visual Studio Solution File, Format Version 12.00
Project("{FAE04EC0-301F-11D3-BF4B-00C04F79EFBC}") = "Tyln.Maid.Coding.Desktop", "Tyln.Maid.Coding.Desktop\Tyln.Maid.Coding.Desktop.csproj", "{DC5BAC0B-47BD-43DA-96D1-C612ED0AAB10}"
EndProject
Project("{FAE04EC0-301F-11D3-BF4B-00C04F79EFBC}") = "AutoHotkey.Interop", "AutoHotkey.Interop\AutoHotkey.Interop.csproj", "{2869DBFE-7762-4930-95EA-2B0C111CF353}"
EndProject
Project("{FAE04EC0-301F-11D3-BF4B-00C04F79EFBC}") = "AutoHotkey.Interop.Tests", "AutoHotkey.Interop.Tests\AutoHotkey.Interop.Tests.csproj", "{EE15E94F-45FD-4A6A-9FA3-83FD9E37F86B}"
EndProject
Project("{FAE04EC0-301F-11D3-BF4B-00C04F79EFBC}") = "Tyln.Maid.Coding.Domain", "Tyln.Maid.Coding.Domain\Tyln.Maid.Coding.Domain.csproj", "{9A1B5F31-C203-4FFB-958A-F3DE32EBA67F}"
EndProject
Project("{FAE04EC0-301F-11D3-BF4B-00C04F79EFBC}") = "Tyln.Maid.ClockReminder", "Tyln.Maid.ClockReminder\Tyln.Maid.ClockReminder.csproj", "{74BF022C-7851-4227-A557-3702ECC39E7D}"
EndProject
Global
	GlobalSection(SolutionConfigurationPlatforms) = preSolution
		Debug|Any CPU = Debug|Any CPU
		Release|Any CPU = Release|Any CPU
	EndGlobalSection
	GlobalSection(ProjectConfigurationPlatforms) = postSolution
		{DC5BAC0B-47BD-43DA-96D1-C612ED0AAB10}.Debug|Any CPU.ActiveCfg = Debug|Any CPU
		{DC5BAC0B-47BD-43DA-96D1-C612ED0AAB10}.Debug|Any CPU.Build.0 = Debug|Any CPU
		{DC5BAC0B-47BD-43DA-96D1-C612ED0AAB10}.Release|Any CPU.ActiveCfg = Release|Any CPU
		{DC5BAC0B-47BD-43DA-96D1-C612ED0AAB10}.Release|Any CPU.Build.0 = Release|Any CPU
		{2869DBFE-7762-4930-95EA-2B0C111CF353}.Debug|Any CPU.ActiveCfg = Debug|Any CPU
		{2869DBFE-7762-4930-95EA-2B0C111CF353}.Debug|Any CPU.Build.0 = Debug|Any CPU
		{2869DBFE-7762-4930-95EA-2B0C111CF353}.Release|Any CPU.ActiveCfg = Release|Any CPU
		{2869DBFE-7762-4930-95EA-2B0C111CF353}.Release|Any CPU.Build.0 = Release|Any CPU
		{EE15E94F-45FD-4A6A-9FA3-83FD9E37F86B}.Debug|Any CPU.ActiveCfg = Debug|Any CPU
		{EE15E94F-45FD-4A6A-9FA3-83FD9E37F86B}.Debug|Any CPU.Build.0 = Debug|Any CPU
		{EE15E94F-45FD-4A6A-9FA3-83FD9E37F86B}.Release|Any CPU.ActiveCfg = Release|Any CPU
		{EE15E94F-45FD-4A6A-9FA3-83FD9E37F86B}.Release|Any CPU.Build.0 = Release|Any CPU
		{9A1B5F31-C203-4FFB-958A-F3DE32EBA67F}.Debug|Any CPU.ActiveCfg = Debug|Any CPU
		{9A1B5F31-C203-4FFB-958A-F3DE32EBA67F}.Debug|Any CPU.Build.0 = Debug|Any CPU
		{9A1B5F31-C203-4FFB-958A-F3DE32EBA67F}.Release|Any CPU.ActiveCfg = Release|Any CPU
		{9A1B5F31-C203-4FFB-958A-F3DE32EBA67F}.Release|Any CPU.Build.0 = Release|Any CPU
		{74BF022C-7851-4227-A557-3702ECC39E7D}.Debug|Any CPU.ActiveCfg = Debug|Any CPU
		{74BF022C-7851-4227-A557-3702ECC39E7D}.Debug|Any CPU.Build.0 = Debug|Any CPU
		{74BF022C-7851-4227-A557-3702ECC39E7D}.Release|Any CPU.ActiveCfg = Release|Any CPU
		{74BF022C-7851-4227-A557-3702ECC39E7D}.Release|Any CPU.Build.0 = Release|Any CPU
	EndGlobalSection
EndGlobal
